
Microsoft Visual Studio Solution File, Format Version 11.00
# Visual C# Express 2010
Project("{FAE04EC0-301F-11D3-BF4B-00C04F79EFBC}") = "HelloSUR40", "HelloSUR40\HelloSUR40.csproj", "{7AC5A8D1-1B78-494A-826A-A00C6C9FAEF7}"
EndProject
Global
	GlobalSection(SolutionConfigurationPlatforms) = preSolution
		Debug|Any CPU = Debug|Any CPU
		Release|Any CPU = Release|Any CPU
	EndGlobalSection
	GlobalSection(ProjectConfigurationPlatforms) = postSolution
		{7AC5A8D1-1B78-494A-826A-A00C6C9FAEF7}.Debug|Any CPU.ActiveCfg = Debug|Any CPU
		{7AC5A8D1-1B78-494A-826A-A00C6C9FAEF7}.Debug|Any CPU.Build.0 = Debug|Any CPU
		{7AC5A8D1-1B78-494A-826A-A00C6C9FAEF7}.Release|Any CPU.ActiveCfg = Release|Any CPU
		{7AC5A8D1-1B78-494A-826A-A00C6C9FAEF7}.Release|Any CPU.Build.0 = Release|Any CPU
	EndGlobalSection
	GlobalSection(SolutionProperties) = preSolution
		HideSolutionNode = FALSE
	EndGlobalSection
EndGlobal
